
Microsoft Visual Studio Solution File, Format Version 12.00
# Visual Studio Version 16
VisualStudioVersion = 16.0.31729.503
MinimumVisualStudioVersion = 10.0.40219.1
Project("{FAE04EC0-301F-11D3-BF4B-00C04F79EFBC}") = "DataBase", "DataBase\DataBase.csproj", "{72CC8BB0-5297-4324-9698-6A9BBAB1069D}"
EndProject
Global
	GlobalSection(SolutionConfigurationPlatforms) = preSolution
		Debug|Any CPU = Debug|Any CPU
		Release|Any CPU = Release|Any CPU
	EndGlobalSection
	GlobalSection(ProjectConfigurationPlatforms) = postSolution
		{72CC8BB0-5297-4324-9698-6A9BBAB1069D}.Debug|Any CPU.ActiveCfg = Debug|Any CPU
		{72CC8BB0-5297-4324-9698-6A9BBAB1069D}.Debug|Any CPU.Build.0 = Debug|Any CPU
		{72CC8BB0-5297-4324-9698-6A9BBAB1069D}.Release|Any CPU.ActiveCfg = Release|Any CPU
		{72CC8BB0-5297-4324-9698-6A9BBAB1069D}.Release|Any CPU.Build.0 = Release|Any CPU
	EndGlobalSection
	GlobalSection(SolutionProperties) = preSolution
		HideSolutionNode = FALSE
	EndGlobalSection
	GlobalSection(ExtensibilityGlobals) = postSolution
		SolutionGuid = {F09A51CF-67B3-4244-99CE-3C92B15478C8}
	EndGlobalSection
EndGlobal
